// !$*UTF8*$!
{
	archiveVersion = 1;
	classes = {
	};
	objectVersion = 51;
	objects = {

/* Begin PBXBuildFile section */
		9221D4462550670A007318EF /* Dream+CoreDataClass.swift in Sources */ = {isa = PBXBuildFile; fileRef = 9221D4452550670A007318EF /* Dream+CoreDataClass.swift */; };
		925FA54725487EF9009574DB /* Rubik-MediumItalic.ttf in Resources */ = {isa = PBXBuildFile; fileRef = 925FA53C25487EF9009574DB /* Rubik-MediumItalic.ttf */; };
		925FA54825487EF9009574DB /* Rubik-Bold.ttf in Resources */ = {isa = PBXBuildFile; fileRef = 925FA53D25487EF9009574DB /* Rubik-Bold.ttf */; };
		925FA54925487EF9009574DB /* SIL Open Font License.txt in Resources */ = {isa = PBXBuildFile; fileRef = 925FA53E25487EF9009574DB /* SIL Open Font License.txt */; };
		925FA54A25487EF9009574DB /* Rubik-Light.ttf in Resources */ = {isa = PBXBuildFile; fileRef = 925FA53F25487EF9009574DB /* Rubik-Light.ttf */; };
		925FA54B25487EF9009574DB /* Rubik-Medium.ttf in Resources */ = {isa = PBXBuildFile; fileRef = 925FA54025487EF9009574DB /* Rubik-Medium.ttf */; };
		925FA54C25487EF9009574DB /* Rubik-Black.ttf in Resources */ = {isa = PBXBuildFile; fileRef = 925FA54125487EF9009574DB /* Rubik-Black.ttf */; };
		925FA54D25487EF9009574DB /* Rubik-Italic.ttf in Resources */ = {isa = PBXBuildFile; fileRef = 925FA54225487EF9009574DB /* Rubik-Italic.ttf */; };
		925FA54E25487EF9009574DB /* Rubik-LightItalic.ttf in Resources */ = {isa = PBXBuildFile; fileRef = 925FA54325487EF9009574DB /* Rubik-LightItalic.ttf */; };
		925FA54F25487EF9009574DB /* Rubik-BlackItalic.ttf in Resources */ = {isa = PBXBuildFile; fileRef = 925FA54425487EF9009574DB /* Rubik-BlackItalic.ttf */; };
		925FA55025487EF9009574DB /* Rubik-Regular.ttf in Resources */ = {isa = PBXBuildFile; fileRef = 925FA54525487EF9009574DB /* Rubik-Regular.ttf */; };
		925FA55125487EF9009574DB /* Rubik-BoldItalic.ttf in Resources */ = {isa = PBXBuildFile; fileRef = 925FA54625487EF9009574DB /* Rubik-BoldItalic.ttf */; };
		92680C5D254B1DD60032570C /* DreamCell.swift in Sources */ = {isa = PBXBuildFile; fileRef = 92680C5C254B1DD60032570C /* DreamCell.swift */; };
		92680C62254B1EDF0032570C /* DreamsViewController.swift in Sources */ = {isa = PBXBuildFile; fileRef = 92680C61254B1EDF0032570C /* DreamsViewController.swift */; };
		92680C72254B2C6C0032570C /* SleepWriter.xcdatamodeld in Sources */ = {isa = PBXBuildFile; fileRef = 92680C70254B2C6C0032570C /* SleepWriter.xcdatamodeld */; };
		92680C7C254B2FDA0032570C /* CoreDataManager.swift in Sources */ = {isa = PBXBuildFile; fileRef = 92680C7B254B2FDA0032570C /* CoreDataManager.swift */; };
		92680C83254B32EC0032570C /* PersistanceLayer.swift in Sources */ = {isa = PBXBuildFile; fileRef = 92680C82254B32EC0032570C /* PersistanceLayer.swift */; };
		92680C86254B34370032570C /* Date.swift in Sources */ = {isa = PBXBuildFile; fileRef = 92680C85254B34360032570C /* Date.swift */; };
		92885C6E254A6D7F008A6510 /* MainPageController.swift in Sources */ = {isa = PBXBuildFile; fileRef = 92885C6D254A6D7E008A6510 /* MainPageController.swift */; };
		92885C75254A808C008A6510 /* EditDreamViewController.swift in Sources */ = {isa = PBXBuildFile; fileRef = 92885C74254A808B008A6510 /* EditDreamViewController.swift */; };
		92885C78254B1BAD008A6510 /* DreamCell.xib in Resources */ = {isa = PBXBuildFile; fileRef = 92885C77254B1BAB008A6510 /* DreamCell.xib */; };
		BF0779802506815C00FF8F05 /* UIColor.swift in Sources */ = {isa = PBXBuildFile; fileRef = BF07797F2506815C00FF8F05 /* UIColor.swift */; };
		BFDF4BB025040209006F020D /* AppDelegate.swift in Sources */ = {isa = PBXBuildFile; fileRef = BFDF4BAF25040209006F020D /* AppDelegate.swift */; };
		BFDF4BB225040209006F020D /* SceneDelegate.swift in Sources */ = {isa = PBXBuildFile; fileRef = BFDF4BB125040209006F020D /* SceneDelegate.swift */; };
		BFDF4BB425040209006F020D /* MainViewController.swift in Sources */ = {isa = PBXBuildFile; fileRef = BFDF4BB325040209006F020D /* MainViewController.swift */; };
		BFDF4BB725040209006F020D /* Main.storyboard in Resources */ = {isa = PBXBuildFile; fileRef = BFDF4BB525040209006F020D /* Main.storyboard */; };
		BFDF4BB92504020A006F020D /* Assets.xcassets in Resources */ = {isa = PBXBuildFile; fileRef = BFDF4BB82504020A006F020D /* Assets.xcassets */; };
		BFDF4BBC2504020A006F020D /* LaunchScreen.storyboard in Resources */ = {isa = PBXBuildFile; fileRef = BFDF4BBA2504020A006F020D /* LaunchScreen.storyboard */; };
		FF2E24F86B4AD12E758A7BED /* Pods_SleepWriter.framework in Frameworks */ = {isa = PBXBuildFile; fileRef = A6BE511E56573F92F224028C /* Pods_SleepWriter.framework */; };
/* End PBXBuildFile section */

/* Begin PBXFileReference section */
		9221D4452550670A007318EF /* Dream+CoreDataClass.swift */ = {isa = PBXFileReference; fileEncoding = 4; lastKnownFileType = sourcecode.swift; path = "Dream+CoreDataClass.swift"; sourceTree = "<group>"; };
		925FA53C25487EF9009574DB /* Rubik-MediumItalic.ttf */ = {isa = PBXFileReference; lastKnownFileType = file; path = "Rubik-MediumItalic.ttf"; sourceTree = "<group>"; };
		925FA53D25487EF9009574DB /* Rubik-Bold.ttf */ = {isa = PBXFileReference; lastKnownFileType = file; path = "Rubik-Bold.ttf"; sourceTree = "<group>"; };
		925FA53E25487EF9009574DB /* SIL Open Font License.txt */ = {isa = PBXFileReference; fileEncoding = 4; lastKnownFileType = text; path = "SIL Open Font License.txt"; sourceTree = "<group>"; };
		925FA53F25487EF9009574DB /* Rubik-Light.ttf */ = {isa = PBXFileReference; lastKnownFileType = file; path = "Rubik-Light.ttf"; sourceTree = "<group>"; };
		925FA54025487EF9009574DB /* Rubik-Medium.ttf */ = {isa = PBXFileReference; lastKnownFileType = file; path = "Rubik-Medium.ttf"; sourceTree = "<group>"; };
		925FA54125487EF9009574DB /* Rubik-Black.ttf */ = {isa = PBXFileReference; lastKnownFileType = file; path = "Rubik-Black.ttf"; sourceTree = "<group>"; };
		925FA54225487EF9009574DB /* Rubik-Italic.ttf */ = {isa = PBXFileReference; lastKnownFileType = file; path = "Rubik-Italic.ttf"; sourceTree = "<group>"; };
		925FA54325487EF9009574DB /* Rubik-LightItalic.ttf */ = {isa = PBXFileReference; lastKnownFileType = file; path = "Rubik-LightItalic.ttf"; sourceTree = "<group>"; };
		925FA54425487EF9009574DB /* Rubik-BlackItalic.ttf */ = {isa = PBXFileReference; lastKnownFileType = file; path = "Rubik-BlackItalic.ttf"; sourceTree = "<group>"; };
		925FA54525487EF9009574DB /* Rubik-Regular.ttf */ = {isa = PBXFileReference; lastKnownFileType = file; path = "Rubik-Regular.ttf"; sourceTree = "<group>"; };
		925FA54625487EF9009574DB /* Rubik-BoldItalic.ttf */ = {isa = PBXFileReference; lastKnownFileType = file; path = "Rubik-BoldItalic.ttf"; sourceTree = "<group>"; };
		92680C5C254B1DD60032570C /* DreamCell.swift */ = {isa = PBXFileReference; lastKnownFileType = sourcecode.swift; path = DreamCell.swift; sourceTree = "<group>"; };
		92680C61254B1EDF0032570C /* DreamsViewController.swift */ = {isa = PBXFileReference; lastKnownFileType = sourcecode.swift; path = DreamsViewController.swift; sourceTree = "<group>"; };
		92680C71254B2C6C0032570C /* SleepWriter.xcdatamodel */ = {isa = PBXFileReference; lastKnownFileType = wrapper.xcdatamodel; path = SleepWriter.xcdatamodel; sourceTree = "<group>"; };
		92680C7B254B2FDA0032570C /* CoreDataManager.swift */ = {isa = PBXFileReference; lastKnownFileType = sourcecode.swift; path = CoreDataManager.swift; sourceTree = "<group>"; };
		92680C82254B32EC0032570C /* PersistanceLayer.swift */ = {isa = PBXFileReference; lastKnownFileType = sourcecode.swift; path = PersistanceLayer.swift; sourceTree = "<group>"; };
		92680C85254B34360032570C /* Date.swift */ = {isa = PBXFileReference; lastKnownFileType = sourcecode.swift; path = Date.swift; sourceTree = "<group>"; };
		92885C6D254A6D7E008A6510 /* MainPageController.swift */ = {isa = PBXFileReference; lastKnownFileType = sourcecode.swift; path = MainPageController.swift; sourceTree = "<group>"; };
		92885C74254A808B008A6510 /* EditDreamViewController.swift */ = {isa = PBXFileReference; lastKnownFileType = sourcecode.swift; path = EditDreamViewController.swift; sourceTree = "<group>"; };
		92885C77254B1BAB008A6510 /* DreamCell.xib */ = {isa = PBXFileReference; lastKnownFileType = file.xib; path = DreamCell.xib; sourceTree = "<group>"; };
		A09E44EC43C91C67B93887A4 /* Pods-SleepWriter.debug.xcconfig */ = {isa = PBXFileReference; includeInIndex = 1; lastKnownFileType = text.xcconfig; name = "Pods-SleepWriter.debug.xcconfig"; path = "Target Support Files/Pods-SleepWriter/Pods-SleepWriter.debug.xcconfig"; sourceTree = "<group>"; };
		A6BE511E56573F92F224028C /* Pods_SleepWriter.framework */ = {isa = PBXFileReference; explicitFileType = wrapper.framework; includeInIndex = 0; path = Pods_SleepWriter.framework; sourceTree = BUILT_PRODUCTS_DIR; };
		BF07797F2506815C00FF8F05 /* UIColor.swift */ = {isa = PBXFileReference; lastKnownFileType = sourcecode.swift; path = UIColor.swift; sourceTree = "<group>"; };
		BFDF4BAC25040209006F020D /* SleepWriter.app */ = {isa = PBXFileReference; explicitFileType = wrapper.application; includeInIndex = 0; path = SleepWriter.app; sourceTree = BUILT_PRODUCTS_DIR; };
		BFDF4BAF25040209006F020D /* AppDelegate.swift */ = {isa = PBXFileReference; lastKnownFileType = sourcecode.swift; path = AppDelegate.swift; sourceTree = "<group>"; };
		BFDF4BB125040209006F020D /* SceneDelegate.swift */ = {isa = PBXFileReference; lastKnownFileType = sourcecode.swift; path = SceneDelegate.swift; sourceTree = "<group>"; };
		BFDF4BB325040209006F020D /* MainViewController.swift */ = {isa = PBXFileReference; lastKnownFileType = sourcecode.swift; path = MainViewController.swift; sourceTree = "<group>"; };
		BFDF4BB625040209006F020D /* Base */ = {isa = PBXFileReference; lastKnownFileType = file.storyboard; name = Base; path = Base.lproj/Main.storyboard; sourceTree = "<group>"; };
		BFDF4BB82504020A006F020D /* Assets.xcassets */ = {isa = PBXFileReference; lastKnownFileType = folder.assetcatalog; path = Assets.xcassets; sourceTree = "<group>"; };
		BFDF4BBB2504020A006F020D /* Base */ = {isa = PBXFileReference; lastKnownFileType = file.storyboard; name = Base; path = Base.lproj/LaunchScreen.storyboard; sourceTree = "<group>"; };
		BFDF4BBD2504020A006F020D /* Info.plist */ = {isa = PBXFileReference; lastKnownFileType = text.plist.xml; path = Info.plist; sourceTree = "<group>"; };
		FB2E5AD0E46AF9C9CC372D77 /* Pods-SleepWriter.release.xcconfig */ = {isa = PBXFileReference; includeInIndex = 1; lastKnownFileType = text.xcconfig; name = "Pods-SleepWriter.release.xcconfig"; path = "Target Support Files/Pods-SleepWriter/Pods-SleepWriter.release.xcconfig"; sourceTree = "<group>"; };
/* End PBXFileReference section */

/* Begin PBXFrameworksBuildPhase section */
		BFDF4BA925040209006F020D /* Frameworks */ = {
			isa = PBXFrameworksBuildPhase;
			buildActionMask = 2147483647;
			files = (
				FF2E24F86B4AD12E758A7BED /* Pods_SleepWriter.framework in Frameworks */,
			);
			runOnlyForDeploymentPostprocessing = 0;
		};
/* End PBXFrameworksBuildPhase section */

/* Begin PBXGroup section */
		39E430D5EC10262A938DD798 /* Frameworks */ = {
			isa = PBXGroup;
			children = (
				A6BE511E56573F92F224028C /* Pods_SleepWriter.framework */,
			);
			name = Frameworks;
			sourceTree = "<group>";
		};
		925FA53B25487EF9009574DB /* Rubik */ = {
			isa = PBXGroup;
			children = (
				925FA53C25487EF9009574DB /* Rubik-MediumItalic.ttf */,
				925FA53D25487EF9009574DB /* Rubik-Bold.ttf */,
				925FA53E25487EF9009574DB /* SIL Open Font License.txt */,
				925FA53F25487EF9009574DB /* Rubik-Light.ttf */,
				925FA54025487EF9009574DB /* Rubik-Medium.ttf */,
				925FA54125487EF9009574DB /* Rubik-Black.ttf */,
				925FA54225487EF9009574DB /* Rubik-Italic.ttf */,
				925FA54325487EF9009574DB /* Rubik-LightItalic.ttf */,
				925FA54425487EF9009574DB /* Rubik-BlackItalic.ttf */,
				925FA54525487EF9009574DB /* Rubik-Regular.ttf */,
				925FA54625487EF9009574DB /* Rubik-BoldItalic.ttf */,
			);
			path = Rubik;
			sourceTree = "<group>";
		};
		92680C5F254B1EC30032570C /* DreamCell */ = {
			isa = PBXGroup;
			children = (
				92885C77254B1BAB008A6510 /* DreamCell.xib */,
				92680C5C254B1DD60032570C /* DreamCell.swift */,
			);
			path = DreamCell;
			sourceTree = "<group>";
		};
		92680C64254B250E0032570C /* DataModels */ = {
			isa = PBXGroup;
			children = (
				92680C70254B2C6C0032570C /* SleepWriter.xcdatamodeld */,
			);
			path = DataModels;
			sourceTree = "<group>";
		};
		92680C74254B2D760032570C /* PersistanceLayer */ = {
			isa = PBXGroup;
			children = (
				92680C75254B2D760032570C /* CoreData */,
				92680C82254B32EC0032570C /* PersistanceLayer.swift */,
			);
			path = PersistanceLayer;
			sourceTree = "<group>";
		};
		92680C75254B2D760032570C /* CoreData */ = {
			isa = PBXGroup;
			children = (
				92680C7B254B2FDA0032570C /* CoreDataManager.swift */,
				9221D4452550670A007318EF /* Dream+CoreDataClass.swift */,
			);
			path = CoreData;
			sourceTree = "<group>";
		};
		96C3BAA03C7E426C5A38AB19 /* Pods */ = {
			isa = PBXGroup;
			children = (
				A09E44EC43C91C67B93887A4 /* Pods-SleepWriter.debug.xcconfig */,
				FB2E5AD0E46AF9C9CC372D77 /* Pods-SleepWriter.release.xcconfig */,
			);
			path = Pods;
			sourceTree = "<group>";
		};
		BF07797E2506814A00FF8F05 /* Extensions */ = {
			isa = PBXGroup;
			children = (
				BF07797F2506815C00FF8F05 /* UIColor.swift */,
				92680C85254B34360032570C /* Date.swift */,
			);
			path = Extensions;
			sourceTree = "<group>";
		};
		BF648D2A2505321E00AF99F7 /* Classes */ = {
			isa = PBXGroup;
			children = (
				BFB3A49C250BFB1800736E3F /* Views */,
				BF07797E2506814A00FF8F05 /* Extensions */,
				BF648D432505331000AF99F7 /* ViewControllers */,
			);
			path = Classes;
			sourceTree = "<group>";
		};
		BF648D432505331000AF99F7 /* ViewControllers */ = {
			isa = PBXGroup;
			children = (
				BFDF4BB325040209006F020D /* MainViewController.swift */,
				92885C6D254A6D7E008A6510 /* MainPageController.swift */,
				92885C74254A808B008A6510 /* EditDreamViewController.swift */,
				92680C61254B1EDF0032570C /* DreamsViewController.swift */,
			);
			path = ViewControllers;
			sourceTree = "<group>";
		};
		BFB3A49C250BFB1800736E3F /* Views */ = {
			isa = PBXGroup;
			children = (
				92680C5F254B1EC30032570C /* DreamCell */,
			);
			path = Views;
			sourceTree = "<group>";
		};
		BFDF4BA325040209006F020D = {
			isa = PBXGroup;
			children = (
				BFDF4BAE25040209006F020D /* SleepWriter */,
				BFDF4BAD25040209006F020D /* Products */,
				96C3BAA03C7E426C5A38AB19 /* Pods */,
				39E430D5EC10262A938DD798 /* Frameworks */,
			);
			sourceTree = "<group>";
		};
		BFDF4BAD25040209006F020D /* Products */ = {
			isa = PBXGroup;
			children = (
				BFDF4BAC25040209006F020D /* SleepWriter.app */,
			);
			name = Products;
			sourceTree = "<group>";
		};
		BFDF4BAE25040209006F020D /* SleepWriter */ = {
			isa = PBXGroup;
			children = (
				925FA53B25487EF9009574DB /* Rubik */,
				92680C64254B250E0032570C /* DataModels */,
				92680C74254B2D760032570C /* PersistanceLayer */,
				BF648D2A2505321E00AF99F7 /* Classes */,
				BFDF4BAF25040209006F020D /* AppDelegate.swift */,
				BFDF4BB125040209006F020D /* SceneDelegate.swift */,
				BFDF4BB525040209006F020D /* Main.storyboard */,
				BFDF4BB82504020A006F020D /* Assets.xcassets */,
				BFDF4BBA2504020A006F020D /* LaunchScreen.storyboard */,
				BFDF4BBD2504020A006F020D /* Info.plist */,
			);
			path = SleepWriter;
			sourceTree = "<group>";
		};
/* End PBXGroup section */

/* Begin PBXNativeTarget section */
		BFDF4BAB25040209006F020D /* SleepWriter */ = {
			isa = PBXNativeTarget;
			buildConfigurationList = BFDF4BC02504020A006F020D /* Build configuration list for PBXNativeTarget "SleepWriter" */;
			buildPhases = (
				3ED01737E89DDC4EFCF5D290 /* [CP] Check Pods Manifest.lock */,
				BFDF4BA825040209006F020D /* Sources */,
				BFDF4BA925040209006F020D /* Frameworks */,
				BFDF4BAA25040209006F020D /* Resources */,
				ABB46FBE051A51B72E114845 /* [CP] Embed Pods Frameworks */,
			);
			buildRules = (
			);
			dependencies = (
			);
			name = SleepWriter;
			productName = SleepWriter;
			productReference = BFDF4BAC25040209006F020D /* SleepWriter.app */;
			productType = "com.apple.product-type.application";
		};
/* End PBXNativeTarget section */

/* Begin PBXProject section */
		BFDF4BA425040209006F020D /* Project object */ = {
			isa = PBXProject;
			attributes = {
				LastSwiftUpdateCheck = 1170;
				LastUpgradeCheck = 1170;
				ORGANIZATIONNAME = "Artyom Artamonov";
				TargetAttributes = {
					BFDF4BAB25040209006F020D = {
						CreatedOnToolsVersion = 11.7;
					};
				};
			};
			buildConfigurationList = BFDF4BA725040209006F020D /* Build configuration list for PBXProject "SleepWriter" */;
			compatibilityVersion = "Xcode 9.3";
			developmentRegion = en;
			hasScannedForEncodings = 0;
			knownRegions = (
				en,
				Base,
			);
			mainGroup = BFDF4BA325040209006F020D;
			productRefGroup = BFDF4BAD25040209006F020D /* Products */;
			projectDirPath = "";
			projectRoot = "";
			targets = (
				BFDF4BAB25040209006F020D /* SleepWriter */,
			);
		};
/* End PBXProject section */

/* Begin PBXResourcesBuildPhase section */
		BFDF4BAA25040209006F020D /* Resources */ = {
			isa = PBXResourcesBuildPhase;
			buildActionMask = 2147483647;
			files = (
				BFDF4BBC2504020A006F020D /* LaunchScreen.storyboard in Resources */,
				BFDF4BB92504020A006F020D /* Assets.xcassets in Resources */,
				92885C78254B1BAD008A6510 /* DreamCell.xib in Resources */,
				925FA54F25487EF9009574DB /* Rubik-BlackItalic.ttf in Resources */,
				BFDF4BB725040209006F020D /* Main.storyboard in Resources */,
				925FA54E25487EF9009574DB /* Rubik-LightItalic.ttf in Resources */,
				925FA55125487EF9009574DB /* Rubik-BoldItalic.ttf in Resources */,
				925FA54925487EF9009574DB /* SIL Open Font License.txt in Resources */,
				925FA54725487EF9009574DB /* Rubik-MediumItalic.ttf in Resources */,
				925FA54A25487EF9009574DB /* Rubik-Light.ttf in Resources */,
				925FA54D25487EF9009574DB /* Rubik-Italic.ttf in Resources */,
				925FA54C25487EF9009574DB /* Rubik-Black.ttf in Resources */,
				925FA55025487EF9009574DB /* Rubik-Regular.ttf in Resources */,
				925FA54825487EF9009574DB /* Rubik-Bold.ttf in Resources */,
				925FA54B25487EF9009574DB /* Rubik-Medium.ttf in Resources */,
			);
			runOnlyForDeploymentPostprocessing = 0;
		};
/* End PBXResourcesBuildPhase section */

/* Begin PBXShellScriptBuildPhase section */
		3ED01737E89DDC4EFCF5D290 /* [CP] Check Pods Manifest.lock */ = {
			isa = PBXShellScriptBuildPhase;
			buildActionMask = 2147483647;
			files = (
			);
			inputFileListPaths = (
			);
			inputPaths = (
				"${PODS_PODFILE_DIR_PATH}/Podfile.lock",
				"${PODS_ROOT}/Manifest.lock",
			);
			name = "[CP] Check Pods Manifest.lock";
			outputFileListPaths = (
			);
			outputPaths = (
				"$(DERIVED_FILE_DIR)/Pods-SleepWriter-checkManifestLockResult.txt",
			);
			runOnlyForDeploymentPostprocessing = 0;
			shellPath = /bin/sh;
			shellScript = "diff \"${PODS_PODFILE_DIR_PATH}/Podfile.lock\" \"${PODS_ROOT}/Manifest.lock\" > /dev/null\nif [ $? != 0 ] ; then\n    # print error to STDERR\n    echo \"error: The sandbox is not in sync with the Podfile.lock. Run 'pod install' or update your CocoaPods installation.\" >&2\n    exit 1\nfi\n# This output is used by Xcode 'outputs' to avoid re-running this script phase.\necho \"SUCCESS\" > \"${SCRIPT_OUTPUT_FILE_0}\"\n";
			showEnvVarsInLog = 0;
		};
		ABB46FBE051A51B72E114845 /* [CP] Embed Pods Frameworks */ = {
			isa = PBXShellScriptBuildPhase;
			buildActionMask = 2147483647;
			files = (
			);
			inputFileListPaths = (
				"${PODS_ROOT}/Target Support Files/Pods-SleepWriter/Pods-SleepWriter-frameworks-${CONFIGURATION}-input-files.xcfilelist",
			);
			name = "[CP] Embed Pods Frameworks";
			outputFileListPaths = (
				"${PODS_ROOT}/Target Support Files/Pods-SleepWriter/Pods-SleepWriter-frameworks-${CONFIGURATION}-output-files.xcfilelist",
			);
			runOnlyForDeploymentPostprocessing = 0;
			shellPath = /bin/sh;
			shellScript = "\"${PODS_ROOT}/Target Support Files/Pods-SleepWriter/Pods-SleepWriter-frameworks.sh\"\n";
			showEnvVarsInLog = 0;
		};
/* End PBXShellScriptBuildPhase section */

/* Begin PBXSourcesBuildPhase section */
		BFDF4BA825040209006F020D /* Sources */ = {
			isa = PBXSourcesBuildPhase;
			buildActionMask = 2147483647;
			files = (
				92680C62254B1EDF0032570C /* DreamsViewController.swift in Sources */,
				92680C86254B34370032570C /* Date.swift in Sources */,
				BFDF4BB425040209006F020D /* MainViewController.swift in Sources */,
				92680C72254B2C6C0032570C /* SleepWriter.xcdatamodeld in Sources */,
				BF0779802506815C00FF8F05 /* UIColor.swift in Sources */,
				92885C75254A808C008A6510 /* EditDreamViewController.swift in Sources */,
				BFDF4BB025040209006F020D /* AppDelegate.swift in Sources */,
				92680C5D254B1DD60032570C /* DreamCell.swift in Sources */,
				9221D4462550670A007318EF /* Dream+CoreDataClass.swift in Sources */,
				92680C7C254B2FDA0032570C /* CoreDataManager.swift in Sources */,
				92885C6E254A6D7F008A6510 /* MainPageController.swift in Sources */,
				BFDF4BB225040209006F020D /* SceneDelegate.swift in Sources */,
				92680C83254B32EC0032570C /* PersistanceLayer.swift in Sources */,
			);
			runOnlyForDeploymentPostprocessing = 0;
		};
/* End PBXSourcesBuildPhase section */

/* Begin PBXVariantGroup section */
		BFDF4BB525040209006F020D /* Main.storyboard */ = {
			isa = PBXVariantGroup;
			children = (
				BFDF4BB625040209006F020D /* Base */,
			);
			name = Main.storyboard;
			sourceTree = "<group>";
		};
		BFDF4BBA2504020A006F020D /* LaunchScreen.storyboard */ = {
			isa = PBXVariantGroup;
			children = (
				BFDF4BBB2504020A006F020D /* Base */,
			);
			name = LaunchScreen.storyboard;
			sourceTree = "<group>";
		};
/* End PBXVariantGroup section */

/* Begin XCBuildConfiguration section */
		BFDF4BBE2504020A006F020D /* Debug */ = {
			isa = XCBuildConfiguration;
			buildSettings = {
				ALWAYS_SEARCH_USER_PATHS = NO;
				CLANG_ANALYZER_NONNULL = YES;
				CLANG_ANALYZER_NUMBER_OBJECT_CONVERSION = YES_AGGRESSIVE;
				CLANG_CXX_LANGUAGE_STANDARD = "gnu++14";
				CLANG_CXX_LIBRARY = "libc++";
				CLANG_ENABLE_MODULES = YES;
				CLANG_ENABLE_OBJC_ARC = YES;
				CLANG_ENABLE_OBJC_WEAK = YES;
				CLANG_WARN_BLOCK_CAPTURE_AUTORELEASING = YES;
				CLANG_WARN_BOOL_CONVERSION = YES;
				CLANG_WARN_COMMA = YES;
				CLANG_WARN_CONSTANT_CONVERSION = YES;
				CLANG_WARN_DEPRECATED_OBJC_IMPLEMENTATIONS = YES;
				CLANG_WARN_DIRECT_OBJC_ISA_USAGE = YES_ERROR;
				CLANG_WARN_DOCUMENTATION_COMMENTS = YES;
				CLANG_WARN_EMPTY_BODY = YES;
				CLANG_WARN_ENUM_CONVERSION = YES;
				CLANG_WARN_INFINITE_RECURSION = YES;
				CLANG_WARN_INT_CONVERSION = YES;
				CLANG_WARN_NON_LITERAL_NULL_CONVERSION = YES;
				CLANG_WARN_OBJC_IMPLICIT_RETAIN_SELF = YES;
				CLANG_WARN_OBJC_LITERAL_CONVERSION = YES;
				CLANG_WARN_OBJC_ROOT_CLASS = YES_ERROR;
				CLANG_WARN_RANGE_LOOP_ANALYSIS = YES;
				CLANG_WARN_STRICT_PROTOTYPES = YES;
				CLANG_WARN_SUSPICIOUS_MOVE = YES;
				CLANG_WARN_UNGUARDED_AVAILABILITY = YES_AGGRESSIVE;
				CLANG_WARN_UNREACHABLE_CODE = YES;
				CLANG_WARN__DUPLICATE_METHOD_MATCH = YES;
				COPY_PHASE_STRIP = NO;
				DEBUG_INFORMATION_FORMAT = dwarf;
				ENABLE_STRICT_OBJC_MSGSEND = YES;
				ENABLE_TESTABILITY = YES;
				GCC_C_LANGUAGE_STANDARD = gnu11;
				GCC_DYNAMIC_NO_PIC = NO;
				GCC_NO_COMMON_BLOCKS = YES;
				GCC_OPTIMIZATION_LEVEL = 0;
				GCC_PREPROCESSOR_DEFINITIONS = (
					"DEBUG=1",
					"$(inherited)",
				);
				GCC_WARN_64_TO_32_BIT_CONVERSION = YES;
				GCC_WARN_ABOUT_RETURN_TYPE = YES_ERROR;
				GCC_WARN_UNDECLARED_SELECTOR = YES;
				GCC_WARN_UNINITIALIZED_AUTOS = YES_AGGRESSIVE;
				GCC_WARN_UNUSED_FUNCTION = YES;
				GCC_WARN_UNUSED_VARIABLE = YES;
				IPHONEOS_DEPLOYMENT_TARGET = 13.7;
				MTL_ENABLE_DEBUG_INFO = INCLUDE_SOURCE;
				MTL_FAST_MATH = YES;
				ONLY_ACTIVE_ARCH = YES;
				SDKROOT = iphoneos;
				SWIFT_ACTIVE_COMPILATION_CONDITIONS = DEBUG;
				SWIFT_OPTIMIZATION_LEVEL = "-Onone";
			};
			name = Debug;
		};
		BFDF4BBF2504020A006F020D /* Release */ = {
			isa = XCBuildConfiguration;
			buildSettings = {
				ALWAYS_SEARCH_USER_PATHS = NO;
				CLANG_ANALYZER_NONNULL = YES;
				CLANG_ANALYZER_NUMBER_OBJECT_CONVERSION = YES_AGGRESSIVE;
				CLANG_CXX_LANGUAGE_STANDARD = "gnu++14";
				CLANG_CXX_LIBRARY = "libc++";
				CLANG_ENABLE_MODULES = YES;
				CLANG_ENABLE_OBJC_ARC = YES;
				CLANG_ENABLE_OBJC_WEAK = YES;
				CLANG_WARN_BLOCK_CAPTURE_AUTORELEASING = YES;
				CLANG_WARN_BOOL_CONVERSION = YES;
				CLANG_WARN_COMMA = YES;
				CLANG_WARN_CONSTANT_CONVERSION = YES;
				CLANG_WARN_DEPRECATED_OBJC_IMPLEMENTATIONS = YES;
				CLANG_WARN_DIRECT_OBJC_ISA_USAGE = YES_ERROR;
				CLANG_WARN_DOCUMENTATION_COMMENTS = YES;
				CLANG_WARN_EMPTY_BODY = YES;
				CLANG_WARN_ENUM_CONVERSION = YES;
				CLANG_WARN_INFINITE_RECURSION = YES;
				CLANG_WARN_INT_CONVERSION = YES;
				CLANG_WARN_NON_LITERAL_NULL_CONVERSION = YES;
				CLANG_WARN_OBJC_IMPLICIT_RETAIN_SELF = YES;
				CLANG_WARN_OBJC_LITERAL_CONVERSION = YES;
				CLANG_WARN_OBJC_ROOT_CLASS = YES_ERROR;
				CLANG_WARN_RANGE_LOOP_ANALYSIS = YES;
				CLANG_WARN_STRICT_PROTOTYPES = YES;
				CLANG_WARN_SUSPICIOUS_MOVE = YES;
				CLANG_WARN_UNGUARDED_AVAILABILITY = YES_AGGRESSIVE;
				CLANG_WARN_UNREACHABLE_CODE = YES;
				CLANG_WARN__DUPLICATE_METHOD_MATCH = YES;
				COPY_PHASE_STRIP = NO;
				DEBUG_INFORMATION_FORMAT = "dwarf-with-dsym";
				ENABLE_NS_ASSERTIONS = NO;
				ENABLE_STRICT_OBJC_MSGSEND = YES;
				GCC_C_LANGUAGE_STANDARD = gnu11;
				GCC_NO_COMMON_BLOCKS = YES;
				GCC_WARN_64_TO_32_BIT_CONVERSION = YES;
				GCC_WARN_ABOUT_RETURN_TYPE = YES_ERROR;
				GCC_WARN_UNDECLARED_SELECTOR = YES;
				GCC_WARN_UNINITIALIZED_AUTOS = YES_AGGRESSIVE;
				GCC_WARN_UNUSED_FUNCTION = YES;
				GCC_WARN_UNUSED_VARIABLE = YES;
				IPHONEOS_DEPLOYMENT_TARGET = 13.7;
				MTL_ENABLE_DEBUG_INFO = NO;
				MTL_FAST_MATH = YES;
				SDKROOT = iphoneos;
				SWIFT_COMPILATION_MODE = wholemodule;
				SWIFT_OPTIMIZATION_LEVEL = "-O";
				VALIDATE_PRODUCT = YES;
			};
			name = Release;
		};
		BFDF4BC12504020A006F020D /* Debug */ = {
			isa = XCBuildConfiguration;
			baseConfigurationReference = A09E44EC43C91C67B93887A4 /* Pods-SleepWriter.debug.xcconfig */;
			buildSettings = {
				ASSETCATALOG_COMPILER_APPICON_NAME = AppIcon;
				CODE_SIGN_STYLE = Automatic;
				DEVELOPMENT_TEAM = H72YUS24CN;
				INFOPLIST_FILE = SleepWriter/Info.plist;
				IPHONEOS_DEPLOYMENT_TARGET = 13.0;
				LD_RUNPATH_SEARCH_PATHS = (
					"$(inherited)",
					"@executable_path/Frameworks",
				);
				PRODUCT_BUNDLE_IDENTIFIER = com.tsatualdypov.SleepWriter;
				PRODUCT_NAME = "$(TARGET_NAME)";
				SWIFT_VERSION = 5.0;
				TARGETED_DEVICE_FAMILY = 1;
			};
			name = Debug;
		};
		BFDF4BC22504020A006F020D /* Release */ = {
			isa = XCBuildConfiguration;
			baseConfigurationReference = FB2E5AD0E46AF9C9CC372D77 /* Pods-SleepWriter.release.xcconfig */;
			buildSettings = {
				ASSETCATALOG_COMPILER_APPICON_NAME = AppIcon;
				CODE_SIGN_STYLE = Automatic;
				DEVELOPMENT_TEAM = H72YUS24CN;
				INFOPLIST_FILE = SleepWriter/Info.plist;
				IPHONEOS_DEPLOYMENT_TARGET = 13.0;
				LD_RUNPATH_SEARCH_PATHS = (
					"$(inherited)",
					"@executable_path/Frameworks",
				);
				PRODUCT_BUNDLE_IDENTIFIER = com.tsatualdypov.SleepWriter;
				PRODUCT_NAME = "$(TARGET_NAME)";
				SWIFT_VERSION = 5.0;
				TARGETED_DEVICE_FAMILY = 1;
			};
			name = Release;
		};
/* End XCBuildConfiguration section */

/* Begin XCConfigurationList section */
		BFDF4BA725040209006F020D /* Build configuration list for PBXProject "SleepWriter" */ = {
			isa = XCConfigurationList;
			buildConfigurations = (
				BFDF4BBE2504020A006F020D /* Debug */,
				BFDF4BBF2504020A006F020D /* Release */,
			);
			defaultConfigurationIsVisible = 0;
			defaultConfigurationName = Release;
		};
		BFDF4BC02504020A006F020D /* Build configuration list for PBXNativeTarget "SleepWriter" */ = {
			isa = XCConfigurationList;
			buildConfigurations = (
				BFDF4BC12504020A006F020D /* Debug */,
				BFDF4BC22504020A006F020D /* Release */,
			);
			defaultConfigurationIsVisible = 0;
			defaultConfigurationName = Release;
		};
/* End XCConfigurationList section */

/* Begin XCVersionGroup section */
		92680C70254B2C6C0032570C /* SleepWriter.xcdatamodeld */ = {
			isa = XCVersionGroup;
			children = (
				92680C71254B2C6C0032570C /* SleepWriter.xcdatamodel */,
			);
			currentVersion = 92680C71254B2C6C0032570C /* SleepWriter.xcdatamodel */;
			path = SleepWriter.xcdatamodeld;
			sourceTree = "<group>";
			versionGroupType = wrapper.xcdatamodel;
		};
/* End XCVersionGroup section */
	};
	rootObject = BFDF4BA425040209006F020D /* Project object */;
}
